{
  "version": 4,
  "terraform_version": "1.6.0",
  "serial": 6,
  "lineage": "62066dff-9fe7-7d16-0485-800d64d94ca7",
  "outputs": {},
  "resources": [
    {
      "mode": "managed",
      "type": "azurerm_app_service_source_control",
      "name": "azsc",
      "provider": "provider[\"registry.terraform.io/hashicorp/azurerm\"]",
      "instances": [
        {
          "schema_version": 0,
          "attributes": {
            "app_id": "/subscriptions/cd7b9766-7f8b-4f6d-89b7-cceb5e255d66/resourceGroups/ContactBookRG48645/providers/Microsoft.Web/sites/Linux-app48645",
            "branch": "master",
            "github_action_configuration": [],
            "id": "/subscriptions/cd7b9766-7f8b-4f6d-89b7-cceb5e255d66/resourceGroups/ContactBookRG48645/providers/Microsoft.Web/sites/Linux-app48645",
            "repo_url": "https://github.com/nakov/ContactBook",
            "rollback_enabled": false,
            "scm_type": "ExternalGit",
            "timeouts": null,
            "use_local_git": false,
            "use_manual_integration": true,
            "use_mercurial": false,
            "uses_github_action": false
          },
          "sensitive_attributes": [],
          "private": "eyJlMmJmYjczMC1lY2FhLTExZTYtOGY4OC0zNDM2M2JjN2M0YzAiOnsiY3JlYXRlIjoxODAwMDAwMDAwMDAwLCJkZWxldGUiOjE4MDAwMDAwMDAwMDAsInJlYWQiOjMwMDAwMDAwMDAwMH19",
          "dependencies": [
            "azurerm_linux_web_app.alwa",
            "azurerm_resource_group.rg",
            "azurerm_service_plan.asp",
            "random_integer.ri"
          ]
        }
      ]
    },
    {
      "mode": "managed",
      "type": "azurerm_linux_web_app",
      "name": "alwa",
      "provider": "provider[\"registry.terraform.io/hashicorp/azurerm\"]",
      "instances": [
        {
          "schema_version": 0,
          "attributes": {
            "app_settings": null,
            "auth_settings": [
              {
                "active_directory": [],
                "additional_login_parameters": {},
                "allowed_external_redirect_urls": [],
                "default_provider": "",
                "enabled": false,
                "facebook": [],
                "github": [],
                "google": [],
                "issuer": "",
                "microsoft": [],
                "runtime_version": "",
                "token_refresh_extension_hours": 0,
                "token_store_enabled": false,
                "twitter": [],
                "unauthenticated_client_action": ""
              }
            ],
            "backup": [],
            "client_affinity_enabled": false,
            "client_certificate_enabled": false,
            "client_certificate_mode": "Required",
            "connection_string": [],
            "custom_domain_verification_id": "4CDE12D671DBCAD72616F4B93A41F15FDBB742DA4072525B99C72F61DDD2F9C9",
            "default_hostname": "linux-app48645.azurewebsites.net",
            "enabled": true,
            "https_only": false,
            "id": "/subscriptions/cd7b9766-7f8b-4f6d-89b7-cceb5e255d66/resourceGroups/ContactBookRG48645/providers/Microsoft.Web/sites/Linux-app48645",
            "identity": [],
            "key_vault_reference_identity_id": "SystemAssigned",
            "kind": "app,linux",
            "location": "westeurope",
            "logs": [],
            "name": "Linux-app48645",
            "outbound_ip_address_list": [
              "52.137.60.234",
              "52.137.61.87",
              "52.137.63.63",
              "52.137.60.189",
              "52.137.63.144",
              "52.137.63.216",
              "52.157.237.214",
              "52.157.238.0",
              "52.157.238.38",
              "52.157.238.66",
              "52.157.238.110",
              "52.157.238.137",
              "20.50.2.92"
            ],
            "outbound_ip_addresses": "52.137.60.234,52.137.61.87,52.137.63.63,52.137.60.189,52.137.63.144,52.137.63.216,52.157.237.214,52.157.238.0,52.157.238.38,52.157.238.66,52.157.238.110,52.157.238.137,20.50.2.92",
            "possible_outbound_ip_address_list": [
              "52.137.60.234",
              "52.137.61.87",
              "52.137.63.63",
              "52.137.60.189",
              "52.137.63.144",
              "52.137.63.216",
              "52.157.237.214",
              "52.157.238.0",
              "52.157.238.38",
              "52.157.238.66",
              "52.157.238.110",
              "52.157.238.137",
              "52.157.238.226",
              "52.157.239.126",
              "52.157.239.149",
              "52.157.239.242",
              "52.236.144.49",
              "52.236.144.93",
              "20.23.32.13",
              "20.23.33.9",
              "20.23.33.11",
              "20.23.33.133",
              "20.23.34.16",
              "20.23.34.43",
              "52.137.60.234",
              "52.137.61.87",
              "52.137.63.63",
              "52.137.60.189",
              "52.137.63.144",
              "52.137.63.216",
              "20.23.34.108",
              "20.23.35.21",
              "20.23.35.230",
              "20.23.38.27",
              "20.23.38.31",
              "20.23.38.58",
              "20.50.2.92"
            ],
            "possible_outbound_ip_addresses": "52.137.60.234,52.137.61.87,52.137.63.63,52.137.60.189,52.137.63.144,52.137.63.216,52.157.237.214,52.157.238.0,52.157.238.38,52.157.238.66,52.157.238.110,52.157.238.137,52.157.238.226,52.157.239.126,52.157.239.149,52.157.239.242,52.236.144.49,52.236.144.93,20.23.32.13,20.23.33.9,20.23.33.11,20.23.33.133,20.23.34.16,20.23.34.43,52.137.60.234,52.137.61.87,52.137.63.63,52.137.60.189,52.137.63.144,52.137.63.216,20.23.34.108,20.23.35.21,20.23.35.230,20.23.38.27,20.23.38.31,20.23.38.58,20.50.2.92",
            "resource_group_name": "ContactBookRG48645",
            "service_plan_id": "/subscriptions/cd7b9766-7f8b-4f6d-89b7-cceb5e255d66/resourceGroups/ContactBookRG48645/providers/Microsoft.Web/serverfarms/contact-book48645",
            "site_config": [
              {
                "always_on": false,
                "api_definition_url": "",
                "api_management_api_id": "",
                "app_command_line": "",
                "application_stack": [
                  {
                    "docker_image": "",
                    "docker_image_tag": "",
                    "dotnet_version": "",
                    "java_server": "",
                    "java_server_version": "",
                    "java_version": "",
                    "node_version": "16-lts",
                    "php_version": "",
                    "python_version": "",
                    "ruby_version": ""
                  }
                ],
                "auto_heal_enabled": false,
                "auto_heal_setting": [],
                "container_registry_managed_identity_client_id": "",
                "container_registry_use_managed_identity": false,
                "cors": [],
                "default_documents": [
                  "Default.htm",
                  "Default.html",
                  "Default.asp",
                  "index.htm",
                  "index.html",
                  "iisstart.htm",
                  "default.aspx",
                  "index.php",
                  "hostingstart.html"
                ],
                "detailed_error_logging_enabled": false,
                "ftps_state": "Disabled",
                "health_check_eviction_time_in_min": 0,
                "health_check_path": "",
                "http2_enabled": false,
                "ip_restriction": [],
                "linux_fx_version": "NODE|16-lts",
                "load_balancing_mode": "LeastRequests",
                "local_mysql_enabled": false,
                "managed_pipeline_mode": "Integrated",
                "minimum_tls_version": "1.2",
                "remote_debugging_enabled": false,
                "remote_debugging_version": "VS2019",
                "scm_ip_restriction": [],
                "scm_minimum_tls_version": "1.2",
                "scm_type": "None",
                "scm_use_main_ip_restriction": false,
                "use_32_bit_worker": true,
                "vnet_route_all_enabled": false,
                "websockets_enabled": false,
                "worker_count": 1
              }
            ],
            "site_credential": [
              {
                "name": "$Linux-app48645",
                "password": "juChj1WqduvyzE3WsaqBejiZxspnzddjjWT8hPB4cjiMtSvM6joeLb3oibwv"
              }
            ],
            "storage_account": [],
            "tags": null,
            "timeouts": null
          },
          "sensitive_attributes": [],
          "private": "eyJlMmJmYjczMC1lY2FhLTExZTYtOGY4OC0zNDM2M2JjN2M0YzAiOnsiY3JlYXRlIjoxODAwMDAwMDAwMDAwLCJkZWxldGUiOjE4MDAwMDAwMDAwMDAsInJlYWQiOjMwMDAwMDAwMDAwMCwidXBkYXRlIjoxODAwMDAwMDAwMDAwfX0=",
          "dependencies": [
            "azurerm_resource_group.rg",
            "azurerm_service_plan.asp",
            "random_integer.ri"
          ]
        }
      ]
    },
    {
      "mode": "managed",
      "type": "azurerm_resource_group",
      "name": "rg",
      "provider": "provider[\"registry.terraform.io/hashicorp/azurerm\"]",
      "instances": [
        {
          "schema_version": 0,
          "attributes": {
            "id": "/subscriptions/cd7b9766-7f8b-4f6d-89b7-cceb5e255d66/resourceGroups/ContactBookRG48645",
            "location": "westeurope",
            "name": "ContactBookRG48645",
            "tags": null,
            "timeouts": null
          },
          "sensitive_attributes": [],
          "private": "eyJlMmJmYjczMC1lY2FhLTExZTYtOGY4OC0zNDM2M2JjN2M0YzAiOnsiY3JlYXRlIjo1NDAwMDAwMDAwMDAwLCJkZWxldGUiOjU0MDAwMDAwMDAwMDAsInJlYWQiOjMwMDAwMDAwMDAwMCwidXBkYXRlIjo1NDAwMDAwMDAwMDAwfX0=",
          "dependencies": [
            "random_integer.ri"
          ]
        }
      ]
    },
    {
      "mode": "managed",
      "type": "azurerm_service_plan",
      "name": "asp",
      "provider": "provider[\"registry.terraform.io/hashicorp/azurerm\"]",
      "instances": [
        {
          "schema_version": 0,
          "attributes": {
            "app_service_environment_id": "",
            "id": "/subscriptions/cd7b9766-7f8b-4f6d-89b7-cceb5e255d66/resourceGroups/ContactBookRG48645/providers/Microsoft.Web/serverfarms/contact-book48645",
            "kind": "linux",
            "location": "westeurope",
            "maximum_elastic_worker_count": 1,
            "name": "contact-book48645",
            "os_type": "Linux",
            "per_site_scaling_enabled": false,
            "reserved": true,
            "resource_group_name": "ContactBookRG48645",
            "sku_name": "F1",
            "tags": null,
            "timeouts": null,
            "worker_count": 1
          },
          "sensitive_attributes": [],
          "private": "eyJlMmJmYjczMC1lY2FhLTExZTYtOGY4OC0zNDM2M2JjN2M0YzAiOnsiY3JlYXRlIjozNjAwMDAwMDAwMDAwLCJkZWxldGUiOjM2MDAwMDAwMDAwMDAsInJlYWQiOjMwMDAwMDAwMDAwMCwidXBkYXRlIjozNjAwMDAwMDAwMDAwfX0=",
          "dependencies": [
            "azurerm_resource_group.rg",
            "random_integer.ri"
          ]
        }
      ]
    },
    {
      "mode": "managed",
      "type": "random_integer",
      "name": "ri",
      "provider": "provider[\"registry.terraform.io/hashicorp/random\"]",
      "instances": [
        {
          "schema_version": 0,
          "attributes": {
            "id": "48645",
            "keepers": null,
            "max": 99999,
            "min": 10000,
            "result": 48645,
            "seed": null
          },
          "sensitive_attributes": []
        }
      ]
    }
  ],
  "check_results": null
}
